
Microsoft Visual Studio Solution File, Format Version 12.00
# Visual Studio Version 16
VisualStudioVersion = 16.0.31205.134
MinimumVisualStudioVersion = 10.0.40219.1
Project("{FAE04EC0-301F-11D3-BF4B-00C04F79EFBC}") = "Prog_lab_3", "Prog_lab_3\Prog_lab_3.csproj", "{14159D0F-5F6E-43D4-AA41-6B83C397DDB2}"
EndProject
Global
	GlobalSection(SolutionConfigurationPlatforms) = preSolution
		Debug|Any CPU = Debug|Any CPU
		Release|Any CPU = Release|Any CPU
	EndGlobalSection
	GlobalSection(ProjectConfigurationPlatforms) = postSolution
		{14159D0F-5F6E-43D4-AA41-6B83C397DDB2}.Debug|Any CPU.ActiveCfg = Debug|Any CPU
		{14159D0F-5F6E-43D4-AA41-6B83C397DDB2}.Debug|Any CPU.Build.0 = Debug|Any CPU
		{14159D0F-5F6E-43D4-AA41-6B83C397DDB2}.Release|Any CPU.ActiveCfg = Release|Any CPU
		{14159D0F-5F6E-43D4-AA41-6B83C397DDB2}.Release|Any CPU.Build.0 = Release|Any CPU
	EndGlobalSection
	GlobalSection(SolutionProperties) = preSolution
		HideSolutionNode = FALSE
	EndGlobalSection
	GlobalSection(ExtensibilityGlobals) = postSolution
		SolutionGuid = {6914EC33-CA0D-48A8-81EA-CEC5FFD8F101}
	EndGlobalSection
EndGlobal
